
Microsoft Visual Studio Solution File, Format Version 12.00
# Visual Studio Version 17
VisualStudioVersion = 17.3.32929.385
MinimumVisualStudioVersion = 10.0.40219.1
Project("{FAE04EC0-301F-11D3-BF4B-00C04F79EFBC}") = "DataStructure", "DataStructure\DataStructure.csproj", "{831B399E-7BFD-49A7-B712-CA24061A000C}"
EndProject
Global
	GlobalSection(SolutionConfigurationPlatforms) = preSolution
		Debug|Any CPU = Debug|Any CPU
		Release|Any CPU = Release|Any CPU
	EndGlobalSection
	GlobalSection(ProjectConfigurationPlatforms) = postSolution
		{831B399E-7BFD-49A7-B712-CA24061A000C}.Debug|Any CPU.ActiveCfg = Debug|Any CPU
		{831B399E-7BFD-49A7-B712-CA24061A000C}.Debug|Any CPU.Build.0 = Debug|Any CPU
		{831B399E-7BFD-49A7-B712-CA24061A000C}.Release|Any CPU.ActiveCfg = Release|Any CPU
		{831B399E-7BFD-49A7-B712-CA24061A000C}.Release|Any CPU.Build.0 = Release|Any CPU
	EndGlobalSection
	GlobalSection(SolutionProperties) = preSolution
		HideSolutionNode = FALSE
	EndGlobalSection
	GlobalSection(ExtensibilityGlobals) = postSolution
		SolutionGuid = {D7CFC25A-888E-42FA-AD87-704E9145F45B}
	EndGlobalSection
EndGlobal
